PODS:
  - Charts (4.0.2):
    - Charts/Core (= 4.0.2)
  - Charts/Core (4.0.2):
    - SwiftAlgorithms (~> 1.0)
  - Localize-Swift (3.2.0):
    - Localize-Swift/LocalizeSwiftCore (= 3.2.0)
    - Localize-Swift/UIKit (= 3.2.0)
  - Localize-Swift/LocalizeSwiftCore (3.2.0)
  - Localize-Swift/UIKit (3.2.0):
    - Localize-Swift/LocalizeSwiftCore
  - SwiftAlgorithms (1.0.0)

DEPENDENCIES:
  - Charts
  - Localize-Swift

SPEC REPOS:
  trunk:
    - Charts
    - Localize-Swift
    - SwiftAlgorithms

SPEC CHECKSUMS:
  Charts: cfa4e911e6dc289582c2fe011a0e87c03d96727f
  Localize-Swift: 6f4475136bdb0d7b2882ea3d4ea919d70142b232
  SwiftAlgorithms: 38dda4731d19027fdeee1125f973111bf3386b53

PODFILE CHECKSUM: f24e22d44d8b1f191dff98d37472c016bf1387f2

COCOAPODS: 1.11.2
