// !$*UTF8*$!
{
	archiveVersion = 1;
	classes = {
	};
	objectVersion = 55;
	objects = {

/* Begin PBXBuildFile section */
		5004FEAB276DB9B400BB2E31 /* ConvertsTableViewCell.swift in Sources */ = {isa = PBXBuildFile; fileRef = 5004FEA9276DB9B400BB2E31 /* ConvertsTableViewCell.swift */; };
		5007451F2771D64E009ACB85 /* ConnectWithOurViewController.swift in Sources */ = {isa = PBXBuildFile; fileRef = 5007451E2771D64E009ACB85 /* ConnectWithOurViewController.swift */; };
		500E8058275E8448007D1BDE /* WelcomeViewController.swift in Sources */ = {isa = PBXBuildFile; fileRef = 500E8057275E8448007D1BDE /* WelcomeViewController.swift */; };
		501A94AE275D1DD70027DD78 /* ViewController.swift in Sources */ = {isa = PBXBuildFile; fileRef = 501A94AD275D1DD70027DD78 /* ViewController.swift */; };
		503E7035275FB062000C643A /* ExchangeRates.swift in Sources */ = {isa = PBXBuildFile; fileRef = 503E7034275FB062000C643A /* ExchangeRates.swift */; };
		50556B18276111FB00E2F9AA /* SettingsTableViewCell.swift in Sources */ = {isa = PBXBuildFile; fileRef = 50556B17276111FB00E2F9AA /* SettingsTableViewCell.swift */; };
		50556B1C27611F9100E2F9AA /* CurrencyToday-3.mp4 in Resources */ = {isa = PBXBuildFile; fileRef = 50556B1B27611E2700E2F9AA /* CurrencyToday-3.mp4 */; };
		50665F45278EBBC300DC61B4 /* Localizable.strings in Resources */ = {isa = PBXBuildFile; fileRef = 50665F47278EBBC300DC61B4 /* Localizable.strings */; };
		50775EC52773A157001929E0 /* ShareViewController.swift in Sources */ = {isa = PBXBuildFile; fileRef = 50775EC42773A157001929E0 /* ShareViewController.swift */; };
		507BD109275A5308008CFE75 /* AppDelegate.swift in Sources */ = {isa = PBXBuildFile; fileRef = 507BD108275A5308008CFE75 /* AppDelegate.swift */; };
		507BD10B275A5308008CFE75 /* SceneDelegate.swift in Sources */ = {isa = PBXBuildFile; fileRef = 507BD10A275A5308008CFE75 /* SceneDelegate.swift */; };
		507BD10D275A5308008CFE75 /* CourseViewController.swift in Sources */ = {isa = PBXBuildFile; fileRef = 507BD10C275A5308008CFE75 /* CourseViewController.swift */; };
		507BD110275A5308008CFE75 /* Main.storyboard in Resources */ = {isa = PBXBuildFile; fileRef = 507BD10E275A5308008CFE75 /* Main.storyboard */; };
		507BD112275A5309008CFE75 /* Assets.xcassets in Resources */ = {isa = PBXBuildFile; fileRef = 507BD111275A5309008CFE75 /* Assets.xcassets */; };
		507BD115275A5309008CFE75 /* LaunchScreen.storyboard in Resources */ = {isa = PBXBuildFile; fileRef = 507BD113275A5309008CFE75 /* LaunchScreen.storyboard */; };
		507BD11D275A613B008CFE75 /* ConvertViewController.swift in Sources */ = {isa = PBXBuildFile; fileRef = 507BD11C275A613B008CFE75 /* ConvertViewController.swift */; };
		507BD11F275A6152008CFE75 /* SettingsViewController.swift in Sources */ = {isa = PBXBuildFile; fileRef = 507BD11E275A6152008CFE75 /* SettingsViewController.swift */; };
		50883B2A277B6B7B0023382B /* ComnvertsViewController.swift in Sources */ = {isa = PBXBuildFile; fileRef = 50883B29277B6B7B0023382B /* ComnvertsViewController.swift */; };
		508EE32027AA754800B20948 /* GoogleService-Info.plist in Resources */ = {isa = PBXBuildFile; fileRef = 508EE31F27AA754800B20948 /* GoogleService-Info.plist */; };
		50E4C7F42767927500CB56F2 /* TableViewCell.swift in Sources */ = {isa = PBXBuildFile; fileRef = 50E4C7F22767927500CB56F2 /* TableViewCell.swift */; };
		50E4C7FB27679DC600CB56F2 /* DetailVC.swift in Sources */ = {isa = PBXBuildFile; fileRef = 50E4C7F927679DC600CB56F2 /* DetailVC.swift */; };
		B800CFB5C37C57AA9F242D07 /* Pods_Currency_Today.framework in Frameworks */ = {isa = PBXBuildFile; fileRef = 489EFD1FE44D3394DE9ADB5F /* Pods_Currency_Today.framework */; };
/* End PBXBuildFile section */

/* Begin PBXCopyFilesBuildPhase section */
		50E33F3B27AA824D0030A498 /* Embed App Extensions */ = {
			isa = PBXCopyFilesBuildPhase;
			buildActionMask = 2147483647;
			dstPath = "";
			dstSubfolderSpec = 13;
			files = (
			);
			name = "Embed App Extensions";
			runOnlyForDeploymentPostprocessing = 0;
		};
/* End PBXCopyFilesBuildPhase section */

/* Begin PBXFileReference section */
		489EFD1FE44D3394DE9ADB5F /* Pods_Currency_Today.framework */ = {isa = PBXFileReference; explicitFileType = wrapper.framework; includeInIndex = 0; path = Pods_Currency_Today.framework; sourceTree = BUILT_PRODUCTS_DIR; };
		5004FEA9276DB9B400BB2E31 /* ConvertsTableViewCell.swift */ = {isa = PBXFileReference; lastKnownFileType = sourcecode.swift; path = ConvertsTableViewCell.swift; sourceTree = "<group>"; };
		5007451E2771D64E009ACB85 /* ConnectWithOurViewController.swift */ = {isa = PBXFileReference; lastKnownFileType = sourcecode.swift; path = ConnectWithOurViewController.swift; sourceTree = "<group>"; };
		500E8057275E8448007D1BDE /* WelcomeViewController.swift */ = {isa = PBXFileReference; lastKnownFileType = sourcecode.swift; path = WelcomeViewController.swift; sourceTree = "<group>"; };
		501A94AD275D1DD70027DD78 /* ViewController.swift */ = {isa = PBXFileReference; lastKnownFileType = sourcecode.swift; path = ViewController.swift; sourceTree = "<group>"; };
		503E7034275FB062000C643A /* ExchangeRates.swift */ = {isa = PBXFileReference; lastKnownFileType = sourcecode.swift; path = ExchangeRates.swift; sourceTree = "<group>"; };
		50556B17276111FB00E2F9AA /* SettingsTableViewCell.swift */ = {isa = PBXFileReference; lastKnownFileType = sourcecode.swift; path = SettingsTableViewCell.swift; sourceTree = "<group>"; };
		50556B1B27611E2700E2F9AA /* CurrencyToday-3.mp4 */ = {isa = PBXFileReference; lastKnownFileType = file; path = "CurrencyToday-3.mp4"; sourceTree = "<group>"; };
		50665F46278EBBC300DC61B4 /* en */ = {isa = PBXFileReference; lastKnownFileType = text.plist.strings; name = en; path = en.lproj/Localizable.strings; sourceTree = "<group>"; };
		50665F48278EBBCB00DC61B4 /* hy */ = {isa = PBXFileReference; lastKnownFileType = text.plist.strings; name = hy; path = hy.lproj/Localizable.strings; sourceTree = "<group>"; };
		50665F49278EBBCB00DC61B4 /* ru */ = {isa = PBXFileReference; lastKnownFileType = text.plist.strings; name = ru; path = ru.lproj/Localizable.strings; sourceTree = "<group>"; };
		50775EC42773A157001929E0 /* ShareViewController.swift */ = {isa = PBXFileReference; lastKnownFileType = sourcecode.swift; path = ShareViewController.swift; sourceTree = "<group>"; };
		507BD105275A5308008CFE75 /* Currency Today.app */ = {isa = PBXFileReference; explicitFileType = wrapper.application; includeInIndex = 0; path = "Currency Today.app"; sourceTree = BUILT_PRODUCTS_DIR; };
		507BD108275A5308008CFE75 /* AppDelegate.swift */ = {isa = PBXFileReference; lastKnownFileType = sourcecode.swift; path = AppDelegate.swift; sourceTree = "<group>"; };
		507BD10A275A5308008CFE75 /* SceneDelegate.swift */ = {isa = PBXFileReference; lastKnownFileType = sourcecode.swift; path = SceneDelegate.swift; sourceTree = "<group>"; };
		507BD10C275A5308008CFE75 /* CourseViewController.swift */ = {isa = PBXFileReference; lastKnownFileType = sourcecode.swift; path = CourseViewController.swift; sourceTree = "<group>"; };
		507BD10F275A5308008CFE75 /* Base */ = {isa = PBXFileReference; lastKnownFileType = file.storyboard; name = Base; path = Base.lproj/Main.storyboard; sourceTree = "<group>"; };
		507BD111275A5309008CFE75 /* Assets.xcassets */ = {isa = PBXFileReference; lastKnownFileType = folder.assetcatalog; path = Assets.xcassets; sourceTree = "<group>"; };
		507BD114275A5309008CFE75 /* Base */ = {isa = PBXFileReference; lastKnownFileType = file.storyboard; name = Base; path = Base.lproj/LaunchScreen.storyboard; sourceTree = "<group>"; };
		507BD116275A5309008CFE75 /* Info.plist */ = {isa = PBXFileReference; lastKnownFileType = text.plist.xml; path = Info.plist; sourceTree = "<group>"; };
		507BD11C275A613B008CFE75 /* ConvertViewController.swift */ = {isa = PBXFileReference; lastKnownFileType = sourcecode.swift; path = ConvertViewController.swift; sourceTree = "<group>"; };
		507BD11E275A6152008CFE75 /* SettingsViewController.swift */ = {isa = PBXFileReference; lastKnownFileType = sourcecode.swift; path = SettingsViewController.swift; sourceTree = "<group>"; };
		50883B29277B6B7B0023382B /* ComnvertsViewController.swift */ = {isa = PBXFileReference; lastKnownFileType = sourcecode.swift; path = ComnvertsViewController.swift; sourceTree = "<group>"; };
		508EE31F27AA754800B20948 /* GoogleService-Info.plist */ = {isa = PBXFileReference; fileEncoding = 4; lastKnownFileType = text.plist.xml; path = "GoogleService-Info.plist"; sourceTree = "<group>"; };
		5098884C277201D300E2F0B3 /* ru */ = {isa = PBXFileReference; lastKnownFileType = text.plist.strings; name = ru; path = ru.lproj/Main.strings; sourceTree = "<group>"; };
		5098884D277201DD00E2F0B3 /* hy */ = {isa = PBXFileReference; lastKnownFileType = text.plist.strings; name = hy; path = hy.lproj/Main.strings; sourceTree = "<group>"; };
		5098884E277201F800E2F0B3 /* en */ = {isa = PBXFileReference; lastKnownFileType = text.plist.strings; name = en; path = en.lproj/Main.strings; sourceTree = "<group>"; };
		50D2740627AA7B9900D0B305 /* Currency Today.entitlements */ = {isa = PBXFileReference; lastKnownFileType = text.plist.entitlements; path = "Currency Today.entitlements"; sourceTree = "<group>"; };
		50E33F2D27AA824D0030A498 /* UserNotifications.framework */ = {isa = PBXFileReference; lastKnownFileType = wrapper.framework; name = UserNotifications.framework; path = System/Library/Frameworks/UserNotifications.framework; sourceTree = SDKROOT; };
		50E33F2F27AA824D0030A498 /* UserNotificationsUI.framework */ = {isa = PBXFileReference; lastKnownFileType = wrapper.framework; name = UserNotificationsUI.framework; path = System/Library/Frameworks/UserNotificationsUI.framework; sourceTree = SDKROOT; };
		50E33F4727AA8EBC0030A498 /* NotificationViewController.swift */ = {isa = PBXFileReference; lastKnownFileType = sourcecode.swift; path = NotificationViewController.swift; sourceTree = "<group>"; };
		50E33F4A27AA8EBC0030A498 /* Base */ = {isa = PBXFileReference; lastKnownFileType = file.storyboard; name = Base; path = Base.lproj/MainInterface.storyboard; sourceTree = "<group>"; };
		50E33F4C27AA8EBC0030A498 /* Info.plist */ = {isa = PBXFileReference; lastKnownFileType = text.plist.xml; path = Info.plist; sourceTree = "<group>"; };
		50E4C7F22767927500CB56F2 /* TableViewCell.swift */ = {isa = PBXFileReference; lastKnownFileType = sourcecode.swift; path = TableViewCell.swift; sourceTree = "<group>"; };
		50E4C7F927679DC600CB56F2 /* DetailVC.swift */ = {isa = PBXFileReference; lastKnownFileType = sourcecode.swift; path = DetailVC.swift; sourceTree = "<group>"; };
		5D72A93347E769A5DBEA59E1 /* Pods-Currency Today.debug.xcconfig */ = {isa = PBXFileReference; includeInIndex = 1; lastKnownFileType = text.xcconfig; name = "Pods-Currency Today.debug.xcconfig"; path = "Target Support Files/Pods-Currency Today/Pods-Currency Today.debug.xcconfig"; sourceTree = "<group>"; };
		A5FD93E2D9C20F8AB37083FA /* Pods-Currency Today.release.xcconfig */ = {isa = PBXFileReference; includeInIndex = 1; lastKnownFileType = text.xcconfig; name = "Pods-Currency Today.release.xcconfig"; path = "Target Support Files/Pods-Currency Today/Pods-Currency Today.release.xcconfig"; sourceTree = "<group>"; };
/* End PBXFileReference section */

/* Begin PBXFrameworksBuildPhase section */
		507BD102275A5308008CFE75 /* Frameworks */ = {
			isa = PBXFrameworksBuildPhase;
			buildActionMask = 2147483647;
			files = (
				B800CFB5C37C57AA9F242D07 /* Pods_Currency_Today.framework in Frameworks */,
			);
			runOnlyForDeploymentPostprocessing = 0;
		};
/* End PBXFrameworksBuildPhase section */

/* Begin PBXGroup section */
		0D0D4874E367869E1519AF55 /* Pods */ = {
			isa = PBXGroup;
			children = (
				5D72A93347E769A5DBEA59E1 /* Pods-Currency Today.debug.xcconfig */,
				A5FD93E2D9C20F8AB37083FA /* Pods-Currency Today.release.xcconfig */,
			);
			path = Pods;
			sourceTree = "<group>";
		};
		500745202771E1E0009ACB85 /* SettingsCellsButton */ = {
			isa = PBXGroup;
			children = (
				5007451E2771D64E009ACB85 /* ConnectWithOurViewController.swift */,
				50775EC42773A157001929E0 /* ShareViewController.swift */,
			);
			path = SettingsCellsButton;
			sourceTree = "<group>";
		};
		5021A3AB276E072900164F36 /* CourseCells */ = {
			isa = PBXGroup;
			children = (
				50E4C7F22767927500CB56F2 /* TableViewCell.swift */,
			);
			path = CourseCells;
			sourceTree = "<group>";
		};
		5021A3AC276E073A00164F36 /* Comnverts Cells */ = {
			isa = PBXGroup;
			children = (
				5004FEA9276DB9B400BB2E31 /* ConvertsTableViewCell.swift */,
				503E7034275FB062000C643A /* ExchangeRates.swift */,
			);
			path = "Comnverts Cells";
			sourceTree = "<group>";
		};
		5021A3AD276E075C00164F36 /* SettingsCells */ = {
			isa = PBXGroup;
			children = (
				50556B17276111FB00E2F9AA /* SettingsTableViewCell.swift */,
			);
			path = SettingsCells;
			sourceTree = "<group>";
		};
		503E7042275FC9F5000C643A /* CountrysControllers */ = {
			isa = PBXGroup;
			children = (
				50883B29277B6B7B0023382B /* ComnvertsViewController.swift */,
			);
			path = CountrysControllers;
			sourceTree = "<group>";
		};
		503E7043275FCA6B000C643A /* WelcomeVideo */ = {
			isa = PBXGroup;
			children = (
				50556B1B27611E2700E2F9AA /* CurrencyToday-3.mp4 */,
			);
			path = WelcomeVideo;
			sourceTree = "<group>";
		};
		50556B192761125300E2F9AA /* Launch */ = {
			isa = PBXGroup;
			children = (
				507BD113275A5309008CFE75 /* LaunchScreen.storyboard */,
				501A94AD275D1DD70027DD78 /* ViewController.swift */,
				503E7043275FCA6B000C643A /* WelcomeVideo */,
			);
			path = Launch;
			sourceTree = "<group>";
		};
		50556B1A2761126F00E2F9AA /* Views */ = {
			isa = PBXGroup;
			children = (
				507BD10C275A5308008CFE75 /* CourseViewController.swift */,
				507BD11C275A613B008CFE75 /* ConvertViewController.swift */,
				507BD11E275A6152008CFE75 /* SettingsViewController.swift */,
			);
			path = Views;
			sourceTree = "<group>";
		};
		50556B1F2761227B00E2F9AA /* Cell&Files */ = {
			isa = PBXGroup;
			children = (
				5021A3AB276E072900164F36 /* CourseCells */,
				5021A3AC276E073A00164F36 /* Comnverts Cells */,
				5021A3AD276E075C00164F36 /* SettingsCells */,
				50E4C7F827679D8600CB56F2 /* Graphics */,
			);
			path = "Cell&Files";
			sourceTree = "<group>";
		};
		507BD0FC275A5307008CFE75 = {
			isa = PBXGroup;
			children = (
				507BD107275A5308008CFE75 /* Currency Today */,
				50E33F4627AA8EBC0030A498 /* Push */,
				507BD106275A5308008CFE75 /* Products */,
				0D0D4874E367869E1519AF55 /* Pods */,
				D7C7A7C275E975851CDB9143 /* Frameworks */,
			);
			sourceTree = "<group>";
		};
		507BD106275A5308008CFE75 /* Products */ = {
			isa = PBXGroup;
			children = (
				507BD105275A5308008CFE75 /* Currency Today.app */,
			);
			name = Products;
			sourceTree = "<group>";
		};
		507BD107275A5308008CFE75 /* Currency Today */ = {
			isa = PBXGroup;
			children = (
				50D2740627AA7B9900D0B305 /* Currency Today.entitlements */,
				507BD108275A5308008CFE75 /* AppDelegate.swift */,
				507BD10A275A5308008CFE75 /* SceneDelegate.swift */,
				500E8057275E8448007D1BDE /* WelcomeViewController.swift */,
				507BD10E275A5308008CFE75 /* Main.storyboard */,
				50556B192761125300E2F9AA /* Launch */,
				50556B1A2761126F00E2F9AA /* Views */,
				503E7042275FC9F5000C643A /* CountrysControllers */,
				50556B1F2761227B00E2F9AA /* Cell&Files */,
				500745202771E1E0009ACB85 /* SettingsCellsButton */,
				507BD116275A5309008CFE75 /* Info.plist */,
				508EE31F27AA754800B20948 /* GoogleService-Info.plist */,
				507BD111275A5309008CFE75 /* Assets.xcassets */,
				50665F47278EBBC300DC61B4 /* Localizable.strings */,
			);
			path = "Currency Today";
			sourceTree = "<group>";
		};
		50E33F4627AA8EBC0030A498 /* Push */ = {
			isa = PBXGroup;
			children = (
				50E33F4727AA8EBC0030A498 /* NotificationViewController.swift */,
				50E33F4927AA8EBC0030A498 /* MainInterface.storyboard */,
				50E33F4C27AA8EBC0030A498 /* Info.plist */,
			);
			path = Push;
			sourceTree = "<group>";
		};
		50E4C7F827679D8600CB56F2 /* Graphics */ = {
			isa = PBXGroup;
			children = (
				50E4C7F927679DC600CB56F2 /* DetailVC.swift */,
			);
			name = Graphics;
			path = ..;
			sourceTree = "<group>";
		};
		D7C7A7C275E975851CDB9143 /* Frameworks */ = {
			isa = PBXGroup;
			children = (
				489EFD1FE44D3394DE9ADB5F /* Pods_Currency_Today.framework */,
				50E33F2D27AA824D0030A498 /* UserNotifications.framework */,
				50E33F2F27AA824D0030A498 /* UserNotificationsUI.framework */,
			);
			name = Frameworks;
			sourceTree = "<group>";
		};
/* End PBXGroup section */

/* Begin PBXNativeTarget section */
		507BD104275A5308008CFE75 /* Currency Today */ = {
			isa = PBXNativeTarget;
			buildConfigurationList = 507BD119275A5309008CFE75 /* Build configuration list for PBXNativeTarget "Currency Today" */;
			buildPhases = (
				D0F65A3B7E0E0B514975AEAB /* [CP] Check Pods Manifest.lock */,
				507BD101275A5308008CFE75 /* Sources */,
				507BD102275A5308008CFE75 /* Frameworks */,
				507BD103275A5308008CFE75 /* Resources */,
				7993119CAF0DA399B7AA0A2C /* [CP] Embed Pods Frameworks */,
				50E33F3B27AA824D0030A498 /* Embed App Extensions */,
			);
			buildRules = (
			);
			dependencies = (
			);
			name = "Currency Today";
			productName = "Currency Today";
			productReference = 507BD105275A5308008CFE75 /* Currency Today.app */;
			productType = "com.apple.product-type.application";
		};
/* End PBXNativeTarget section */

/* Begin PBXProject section */
		507BD0FD275A5307008CFE75 /* Project object */ = {
			isa = PBXProject;
			attributes = {
				BuildIndependentTargetsInParallel = 1;
				LastSwiftUpdateCheck = 1320;
				LastUpgradeCheck = 1300;
				TargetAttributes = {
					507BD104275A5308008CFE75 = {
						CreatedOnToolsVersion = 13.0;
					};
				};
			};
			buildConfigurationList = 507BD100275A5307008CFE75 /* Build configuration list for PBXProject "Currency Today" */;
			compatibilityVersion = "Xcode 13.0";
			developmentRegion = en;
			hasScannedForEncodings = 0;
			knownRegions = (
				en,
				Base,
				ru,
				hy,
			);
			mainGroup = 507BD0FC275A5307008CFE75;
			productRefGroup = 507BD106275A5308008CFE75 /* Products */;
			projectDirPath = "";
			projectRoot = "";
			targets = (
				507BD104275A5308008CFE75 /* Currency Today */,
			);
		};
/* End PBXProject section */

/* Begin PBXResourcesBuildPhase section */
		507BD103275A5308008CFE75 /* Resources */ = {
			isa = PBXResourcesBuildPhase;
			buildActionMask = 2147483647;
			files = (
				50665F45278EBBC300DC61B4 /* Localizable.strings in Resources */,
				50556B1C27611F9100E2F9AA /* CurrencyToday-3.mp4 in Resources */,
				508EE32027AA754800B20948 /* GoogleService-Info.plist in Resources */,
				507BD115275A5309008CFE75 /* LaunchScreen.storyboard in Resources */,
				507BD112275A5309008CFE75 /* Assets.xcassets in Resources */,
				507BD110275A5308008CFE75 /* Main.storyboard in Resources */,
			);
			runOnlyForDeploymentPostprocessing = 0;
		};
/* End PBXResourcesBuildPhase section */

/* Begin PBXShellScriptBuildPhase section */
		7993119CAF0DA399B7AA0A2C /* [CP] Embed Pods Frameworks */ = {
			isa = PBXShellScriptBuildPhase;
			buildActionMask = 2147483647;
			files = (
			);
			inputFileListPaths = (
				"${PODS_ROOT}/Target Support Files/Pods-Currency Today/Pods-Currency Today-frameworks-${CONFIGURATION}-input-files.xcfilelist",
			);
			name = "[CP] Embed Pods Frameworks";
			outputFileListPaths = (
				"${PODS_ROOT}/Target Support Files/Pods-Currency Today/Pods-Currency Today-frameworks-${CONFIGURATION}-output-files.xcfilelist",
			);
			runOnlyForDeploymentPostprocessing = 0;
			shellPath = /bin/sh;
			shellScript = "\"${PODS_ROOT}/Target Support Files/Pods-Currency Today/Pods-Currency Today-frameworks.sh\"\n";
			showEnvVarsInLog = 0;
		};
		D0F65A3B7E0E0B514975AEAB /* [CP] Check Pods Manifest.lock */ = {
			isa = PBXShellScriptBuildPhase;
			buildActionMask = 2147483647;
			files = (
			);
			inputFileListPaths = (
			);
			inputPaths = (
				"${PODS_PODFILE_DIR_PATH}/Podfile.lock",
				"${PODS_ROOT}/Manifest.lock",
			);
			name = "[CP] Check Pods Manifest.lock";
			outputFileListPaths = (
			);
			outputPaths = (
				"$(DERIVED_FILE_DIR)/Pods-Currency Today-checkManifestLockResult.txt",
			);
			runOnlyForDeploymentPostprocessing = 0;
			shellPath = /bin/sh;
			shellScript = "diff \"${PODS_PODFILE_DIR_PATH}/Podfile.lock\" \"${PODS_ROOT}/Manifest.lock\" > /dev/null\nif [ $? != 0 ] ; then\n    # print error to STDERR\n    echo \"error: The sandbox is not in sync with the Podfile.lock. Run 'pod install' or update your CocoaPods installation.\" >&2\n    exit 1\nfi\n# This output is used by Xcode 'outputs' to avoid re-running this script phase.\necho \"SUCCESS\" > \"${SCRIPT_OUTPUT_FILE_0}\"\n";
			showEnvVarsInLog = 0;
		};
/* End PBXShellScriptBuildPhase section */

/* Begin PBXSourcesBuildPhase section */
		507BD101275A5308008CFE75 /* Sources */ = {
			isa = PBXSourcesBuildPhase;
			buildActionMask = 2147483647;
			files = (
				50883B2A277B6B7B0023382B /* ComnvertsViewController.swift in Sources */,
				50E4C7F42767927500CB56F2 /* TableViewCell.swift in Sources */,
				5007451F2771D64E009ACB85 /* ConnectWithOurViewController.swift in Sources */,
				501A94AE275D1DD70027DD78 /* ViewController.swift in Sources */,
				5004FEAB276DB9B400BB2E31 /* ConvertsTableViewCell.swift in Sources */,
				507BD10D275A5308008CFE75 /* CourseViewController.swift in Sources */,
				50775EC52773A157001929E0 /* ShareViewController.swift in Sources */,
				507BD109275A5308008CFE75 /* AppDelegate.swift in Sources */,
				50E4C7FB27679DC600CB56F2 /* DetailVC.swift in Sources */,
				50556B18276111FB00E2F9AA /* SettingsTableViewCell.swift in Sources */,
				507BD11D275A613B008CFE75 /* ConvertViewController.swift in Sources */,
				507BD11F275A6152008CFE75 /* SettingsViewController.swift in Sources */,
				507BD10B275A5308008CFE75 /* SceneDelegate.swift in Sources */,
				500E8058275E8448007D1BDE /* WelcomeViewController.swift in Sources */,
				503E7035275FB062000C643A /* ExchangeRates.swift in Sources */,
			);
			runOnlyForDeploymentPostprocessing = 0;
		};
/* End PBXSourcesBuildPhase section */

/* Begin PBXVariantGroup section */
		50665F47278EBBC300DC61B4 /* Localizable.strings */ = {
			isa = PBXVariantGroup;
			children = (
				50665F46278EBBC300DC61B4 /* en */,
				50665F48278EBBCB00DC61B4 /* hy */,
				50665F49278EBBCB00DC61B4 /* ru */,
			);
			name = Localizable.strings;
			sourceTree = "<group>";
		};
		507BD10E275A5308008CFE75 /* Main.storyboard */ = {
			isa = PBXVariantGroup;
			children = (
				507BD10F275A5308008CFE75 /* Base */,
				5098884C277201D300E2F0B3 /* ru */,
				5098884D277201DD00E2F0B3 /* hy */,
				5098884E277201F800E2F0B3 /* en */,
			);
			name = Main.storyboard;
			sourceTree = "<group>";
		};
		507BD113275A5309008CFE75 /* LaunchScreen.storyboard */ = {
			isa = PBXVariantGroup;
			children = (
				507BD114275A5309008CFE75 /* Base */,
			);
			name = LaunchScreen.storyboard;
			sourceTree = "<group>";
		};
		50E33F4927AA8EBC0030A498 /* MainInterface.storyboard */ = {
			isa = PBXVariantGroup;
			children = (
				50E33F4A27AA8EBC0030A498 /* Base */,
			);
			name = MainInterface.storyboard;
			sourceTree = "<group>";
		};
/* End PBXVariantGroup section */

/* Begin XCBuildConfiguration section */
		507BD117275A5309008CFE75 /* Debug */ = {
			isa = XCBuildConfiguration;
			buildSettings = {
				ALWAYS_SEARCH_USER_PATHS = NO;
				CLANG_ANALYZER_LOCALIZABILITY_NONLOCALIZED = YES;
				CLANG_ANALYZER_NONNULL = YES;
				CLANG_ANALYZER_NUMBER_OBJECT_CONVERSION = YES_AGGRESSIVE;
				CLANG_CXX_LANGUAGE_STANDARD = "gnu++17";
				CLANG_CXX_LIBRARY = "libc++";
				CLANG_ENABLE_MODULES = YES;
				CLANG_ENABLE_OBJC_ARC = YES;
				CLANG_ENABLE_OBJC_WEAK = YES;
				CLANG_WARN_BLOCK_CAPTURE_AUTORELEASING = YES;
				CLANG_WARN_BOOL_CONVERSION = YES;
				CLANG_WARN_COMMA = YES;
				CLANG_WARN_CONSTANT_CONVERSION = YES;
				CLANG_WARN_DEPRECATED_OBJC_IMPLEMENTATIONS = YES;
				CLANG_WARN_DIRECT_OBJC_ISA_USAGE = YES_ERROR;
				CLANG_WARN_DOCUMENTATION_COMMENTS = YES;
				CLANG_WARN_EMPTY_BODY = YES;
				CLANG_WARN_ENUM_CONVERSION = YES;
				CLANG_WARN_INFINITE_RECURSION = YES;
				CLANG_WARN_INT_CONVERSION = YES;
				CLANG_WARN_NON_LITERAL_NULL_CONVERSION = YES;
				CLANG_WARN_OBJC_IMPLICIT_RETAIN_SELF = YES;
				CLANG_WARN_OBJC_LITERAL_CONVERSION = YES;
				CLANG_WARN_OBJC_ROOT_CLASS = YES_ERROR;
				CLANG_WARN_QUOTED_INCLUDE_IN_FRAMEWORK_HEADER = YES;
				CLANG_WARN_RANGE_LOOP_ANALYSIS = YES;
				CLANG_WARN_STRICT_PROTOTYPES = YES;
				CLANG_WARN_SUSPICIOUS_MOVE = YES;
				CLANG_WARN_UNGUARDED_AVAILABILITY = YES_AGGRESSIVE;
				CLANG_WARN_UNREACHABLE_CODE = YES;
				CLANG_WARN__DUPLICATE_METHOD_MATCH = YES;
				COPY_PHASE_STRIP = NO;
				DEBUG_INFORMATION_FORMAT = dwarf;
				ENABLE_STRICT_OBJC_MSGSEND = YES;
				ENABLE_TESTABILITY = YES;
				GCC_C_LANGUAGE_STANDARD = gnu11;
				GCC_DYNAMIC_NO_PIC = NO;
				GCC_NO_COMMON_BLOCKS = YES;
				GCC_OPTIMIZATION_LEVEL = 0;
				GCC_PREPROCESSOR_DEFINITIONS = (
					"DEBUG=1",
					"$(inherited)",
				);
				GCC_WARN_64_TO_32_BIT_CONVERSION = YES;
				GCC_WARN_ABOUT_RETURN_TYPE = YES_ERROR;
				GCC_WARN_UNDECLARED_SELECTOR = YES;
				GCC_WARN_UNINITIALIZED_AUTOS = YES_AGGRESSIVE;
				GCC_WARN_UNUSED_FUNCTION = YES;
				GCC_WARN_UNUSED_VARIABLE = YES;
				IPHONEOS_DEPLOYMENT_TARGET = 15.0;
				MTL_ENABLE_DEBUG_INFO = INCLUDE_SOURCE;
				MTL_FAST_MATH = YES;
				ONLY_ACTIVE_ARCH = YES;
				SDKROOT = iphoneos;
				SWIFT_ACTIVE_COMPILATION_CONDITIONS = DEBUG;
				SWIFT_OPTIMIZATION_LEVEL = "-Onone";
			};
			name = Debug;
		};
		507BD118275A5309008CFE75 /* Release */ = {
			isa = XCBuildConfiguration;
			buildSettings = {
				ALWAYS_SEARCH_USER_PATHS = NO;
				CLANG_ANALYZER_LOCALIZABILITY_NONLOCALIZED = YES;
				CLANG_ANALYZER_NONNULL = YES;
				CLANG_ANALYZER_NUMBER_OBJECT_CONVERSION = YES_AGGRESSIVE;
				CLANG_CXX_LANGUAGE_STANDARD = "gnu++17";
				CLANG_CXX_LIBRARY = "libc++";
				CLANG_ENABLE_MODULES = YES;
				CLANG_ENABLE_OBJC_ARC = YES;
				CLANG_ENABLE_OBJC_WEAK = YES;
				CLANG_WARN_BLOCK_CAPTURE_AUTORELEASING = YES;
				CLANG_WARN_BOOL_CONVERSION = YES;
				CLANG_WARN_COMMA = YES;
				CLANG_WARN_CONSTANT_CONVERSION = YES;
				CLANG_WARN_DEPRECATED_OBJC_IMPLEMENTATIONS = YES;
				CLANG_WARN_DIRECT_OBJC_ISA_USAGE = YES_ERROR;
				CLANG_WARN_DOCUMENTATION_COMMENTS = YES;
				CLANG_WARN_EMPTY_BODY = YES;
				CLANG_WARN_ENUM_CONVERSION = YES;
				CLANG_WARN_INFINITE_RECURSION = YES;
				CLANG_WARN_INT_CONVERSION = YES;
				CLANG_WARN_NON_LITERAL_NULL_CONVERSION = YES;
				CLANG_WARN_OBJC_IMPLICIT_RETAIN_SELF = YES;
				CLANG_WARN_OBJC_LITERAL_CONVERSION = YES;
				CLANG_WARN_OBJC_ROOT_CLASS = YES_ERROR;
				CLANG_WARN_QUOTED_INCLUDE_IN_FRAMEWORK_HEADER = YES;
				CLANG_WARN_RANGE_LOOP_ANALYSIS = YES;
				CLANG_WARN_STRICT_PROTOTYPES = YES;
				CLANG_WARN_SUSPICIOUS_MOVE = YES;
				CLANG_WARN_UNGUARDED_AVAILABILITY = YES_AGGRESSIVE;
				CLANG_WARN_UNREACHABLE_CODE = YES;
				CLANG_WARN__DUPLICATE_METHOD_MATCH = YES;
				COPY_PHASE_STRIP = NO;
				DEBUG_INFORMATION_FORMAT = "dwarf-with-dsym";
				ENABLE_NS_ASSERTIONS = NO;
				ENABLE_STRICT_OBJC_MSGSEND = YES;
				GCC_C_LANGUAGE_STANDARD = gnu11;
				GCC_NO_COMMON_BLOCKS = YES;
				GCC_WARN_64_TO_32_BIT_CONVERSION = YES;
				GCC_WARN_ABOUT_RETURN_TYPE = YES_ERROR;
				GCC_WARN_UNDECLARED_SELECTOR = YES;
				GCC_WARN_UNINITIALIZED_AUTOS = YES_AGGRESSIVE;
				GCC_WARN_UNUSED_FUNCTION = YES;
				GCC_WARN_UNUSED_VARIABLE = YES;
				IPHONEOS_DEPLOYMENT_TARGET = 15.0;
				MTL_ENABLE_DEBUG_INFO = NO;
				MTL_FAST_MATH = YES;
				SDKROOT = iphoneos;
				SWIFT_COMPILATION_MODE = wholemodule;
				SWIFT_OPTIMIZATION_LEVEL = "-O";
				VALIDATE_PRODUCT = YES;
			};
			name = Release;
		};
		507BD11A275A5309008CFE75 /* Debug */ = {
			isa = XCBuildConfiguration;
			baseConfigurationReference = 5D72A93347E769A5DBEA59E1 /* Pods-Currency Today.debug.xcconfig */;
			buildSettings = {
				ALWAYS_EMBED_SWIFT_STANDARD_LIBRARIES = YES;
				ASSETCATALOG_COMPILER_APPICON_NAME = AppIcon;
				ASSETCATALOG_COMPILER_GLOBAL_ACCENT_COLOR_NAME = AccentColor;
				CODE_SIGN_ENTITLEMENTS = "Currency Today/Currency Today.entitlements";
				CODE_SIGN_STYLE = Automatic;
				CURRENT_PROJECT_VERSION = 1;
				DEVELOPMENT_TEAM = 5VLZVYD9B8;
				GENERATE_INFOPLIST_FILE = YES;
				INFOPLIST_FILE = "Currency Today/Info.plist";
				INFOPLIST_KEY_CFBundleDisplayName = "Currency Today";
				INFOPLIST_KEY_UIApplicationSupportsIndirectInputEvents = YES;
				INFOPLIST_KEY_UILaunchStoryboardName = LaunchScreen;
				INFOPLIST_KEY_UIMainStoryboardFile = Main;
				INFOPLIST_KEY_UIStatusBarHidden = YES;
				INFOPLIST_KEY_UISupportedInterfaceOrientations = UIInterfaceOrientationPortrait;
				INFOPLIST_KEY_UISupportedInterfaceOrientations_iPad = "UIInterfaceOrientationPortrait UIInterfaceOrientationPortraitUpsideDown UIInterfaceOrientationLandscapeLeft UIInterfaceOrientationLandscapeRight";
				INFOPLIST_KEY_UISupportedInterfaceOrientations_iPhone = "UIInterfaceOrientationPortrait UIInterfaceOrientationLandscapeLeft UIInterfaceOrientationLandscapeRight";
				IPHONEOS_DEPLOYMENT_TARGET = 13.0;
				LD_RUNPATH_SEARCH_PATHS = (
					"$(inherited)",
					"@executable_path/Frameworks",
				);
				MARKETING_VERSION = 1.0;
				PRODUCT_BUNDLE_IDENTIFIER = "com.myApp.slots.Currency-Today";
				PRODUCT_NAME = "$(TARGET_NAME)";
				SWIFT_EMIT_LOC_STRINGS = YES;
				SWIFT_VERSION = 5.0;
				TARGETED_DEVICE_FAMILY = 1;
			};
			name = Debug;
		};
		507BD11B275A5309008CFE75 /* Release */ = {
			isa = XCBuildConfiguration;
			baseConfigurationReference = A5FD93E2D9C20F8AB37083FA /* Pods-Currency Today.release.xcconfig */;
			buildSettings = {
				ALWAYS_EMBED_SWIFT_STANDARD_LIBRARIES = YES;
				ASSETCATALOG_COMPILER_APPICON_NAME = AppIcon;
				ASSETCATALOG_COMPILER_GLOBAL_ACCENT_COLOR_NAME = AccentColor;
				CODE_SIGN_ENTITLEMENTS = "Currency Today/Currency Today.entitlements";
				CODE_SIGN_STYLE = Automatic;
				CURRENT_PROJECT_VERSION = 1;
				DEVELOPMENT_TEAM = 5VLZVYD9B8;
				GENERATE_INFOPLIST_FILE = YES;
				INFOPLIST_FILE = "Currency Today/Info.plist";
				INFOPLIST_KEY_CFBundleDisplayName = "Currency Today";
				INFOPLIST_KEY_UIApplicationSupportsIndirectInputEvents = YES;
				INFOPLIST_KEY_UILaunchStoryboardName = LaunchScreen;
				INFOPLIST_KEY_UIMainStoryboardFile = Main;
				INFOPLIST_KEY_UIStatusBarHidden = YES;
				INFOPLIST_KEY_UISupportedInterfaceOrientations = UIInterfaceOrientationPortrait;
				INFOPLIST_KEY_UISupportedInterfaceOrientations_iPad = "UIInterfaceOrientationPortrait UIInterfaceOrientationPortraitUpsideDown UIInterfaceOrientationLandscapeLeft UIInterfaceOrientationLandscapeRight";
				INFOPLIST_KEY_UISupportedInterfaceOrientations_iPhone = "UIInterfaceOrientationPortrait UIInterfaceOrientationLandscapeLeft UIInterfaceOrientationLandscapeRight";
				IPHONEOS_DEPLOYMENT_TARGET = 13.0;
				LD_RUNPATH_SEARCH_PATHS = (
					"$(inherited)",
					"@executable_path/Frameworks",
				);
				MARKETING_VERSION = 1.0;
				PRODUCT_BUNDLE_IDENTIFIER = "com.myApp.slots.Currency-Today";
				PRODUCT_NAME = "$(TARGET_NAME)";
				SWIFT_EMIT_LOC_STRINGS = YES;
				SWIFT_VERSION = 5.0;
				TARGETED_DEVICE_FAMILY = 1;
			};
			name = Release;
		};
/* End XCBuildConfiguration section */

/* Begin XCConfigurationList section */
		507BD100275A5307008CFE75 /* Build configuration list for PBXProject "Currency Today" */ = {
			isa = XCConfigurationList;
			buildConfigurations = (
				507BD117275A5309008CFE75 /* Debug */,
				507BD118275A5309008CFE75 /* Release */,
			);
			defaultConfigurationIsVisible = 0;
			defaultConfigurationName = Release;
		};
		507BD119275A5309008CFE75 /* Build configuration list for PBXNativeTarget "Currency Today" */ = {
			isa = XCConfigurationList;
			buildConfigurations = (
				507BD11A275A5309008CFE75 /* Debug */,
				507BD11B275A5309008CFE75 /* Release */,
			);
			defaultConfigurationIsVisible = 0;
			defaultConfigurationName = Release;
		};
/* End XCConfigurationList section */
	};
	rootObject = 507BD0FD275A5307008CFE75 /* Project object */;
}
